// !$*UTF8*$!
{
	archiveVersion = 1;
	classes = {
	};
	objectVersion = 46;
	objects = {

/* Begin PBXBuildFile section */
		4AF4D5FD1DDC30690021A026 /* main.m in Sources */ = {isa = PBXBuildFile; fileRef = 4AF4D5FC1DDC30690021A026 /* main.m */; };
		4AF4D6001DDC30690021A026 /* AppDelegate.m in Sources */ = {isa = PBXBuildFile; fileRef = 4AF4D5FF1DDC30690021A026 /* AppDelegate.m */; };
		4AF4D6061DDC30690021A026 /* Main.storyboard in Resources */ = {isa = PBXBuildFile; fileRef = 4AF4D6041DDC30690021A026 /* Main.storyboard */; };
		4AF4D6081DDC30690021A026 /* Assets.xcassets in Resources */ = {isa = PBXBuildFile; fileRef = 4AF4D6071DDC30690021A026 /* Assets.xcassets */; };
		4AF4D60B1DDC30690021A026 /* LaunchScreen.storyboard in Resources */ = {isa = PBXBuildFile; fileRef = 4AF4D6091DDC30690021A026 /* LaunchScreen.storyboard */; };
		4AF4D6161DDC30690021A026 /* sample_map_objc_devTests.m in Sources */ = {isa = PBXBuildFile; fileRef = 4AF4D6151DDC30690021A026 /* sample_map_objc_devTests.m */; };
		4AF4D6211DDC30690021A026 /* sample_map_objc_devUITests.m in Sources */ = {isa = PBXBuildFile; fileRef = 4AF4D6201DDC30690021A026 /* sample_map_objc_devUITests.m */; };
		4AF4D64E1DDC41CA0021A026 /* CirclesViewController.m in Sources */ = {isa = PBXBuildFile; fileRef = 4AF4D63F1DDC41CA0021A026 /* CirclesViewController.m */; };
		4AF4D64F1DDC41CA0021A026 /* CustomMarkersMapViewController.m in Sources */ = {isa = PBXBuildFile; fileRef = 4AF4D6411DDC41CA0021A026 /* CustomMarkersMapViewController.m */; };
		4AF4D6501DDC41CA0021A026 /* ReverseGeocoderViewController.m in Sources */ = {isa = PBXBuildFile; fileRef = 4AF4D6431DDC41CA0021A026 /* ReverseGeocoderViewController.m */; };
		4AF4D6511DDC41CA0021A026 /* LocationMapViewController.m in Sources */ = {isa = PBXBuildFile; fileRef = 4AF4D6451DDC41CA0021A026 /* LocationMapViewController.m */; };
		4AF4D6521DDC41CA0021A026 /* MainViewController.m in Sources */ = {isa = PBXBuildFile; fileRef = 4AF4D6471DDC41CA0021A026 /* MainViewController.m */; };
		4AF4D6531DDC41CA0021A026 /* MapViewController.m in Sources */ = {isa = PBXBuildFile; fileRef = 4AF4D6491DDC41CA0021A026 /* MapViewController.m */; };
		4AF4D6541DDC41CA0021A026 /* PolygonsViewController.m in Sources */ = {isa = PBXBuildFile; fileRef = 4AF4D64B1DDC41CA0021A026 /* PolygonsViewController.m */; };
		4AF4D6551DDC41CA0021A026 /* PolylinesViewController.m in Sources */ = {isa = PBXBuildFile; fileRef = 4AF4D64D1DDC41CA0021A026 /* PolylinesViewController.m */; };
		4AF4D6581DE2D59C0021A026 /* MovableMarkerViewController.m in Sources */ = {isa = PBXBuildFile; fileRef = 4AF4D6571DE2D59C0021A026 /* MovableMarkerViewController.m */; };
		4AF4D65B1DE2F2410021A026 /* RotationViewController.m in Sources */ = {isa = PBXBuildFile; fileRef = 4AF4D65A1DE2F2410021A026 /* RotationViewController.m */; };
		4AF4D6981DE5670B0021A026 /* NMapViewResources.m in Sources */ = {isa = PBXBuildFile; fileRef = 4AF4D6971DE5670B0021A026 /* NMapViewResources.m */; };
		4AF4D69A1DE67D560021A026 /* NMapViewerSDK.framework in Frameworks */ = {isa = PBXBuildFile; fileRef = 4AF4D6991DE67D560021A026 /* NMapViewerSDK.framework */; };
/* End PBXBuildFile section */

/* Begin PBXContainerItemProxy section */
		4AF4D6121DDC30690021A026 /* PBXContainerItemProxy */ = {
			isa = PBXContainerItemProxy;
			containerPortal = 4AF4D5F01DDC30680021A026 /* Project object */;
			proxyType = 1;
			remoteGlobalIDString = 4AF4D5F71DDC30690021A026;
			remoteInfo = "sample-map-objc-dev";
		};
		4AF4D61D1DDC30690021A026 /* PBXContainerItemProxy */ = {
			isa = PBXContainerItemProxy;
			containerPortal = 4AF4D5F01DDC30680021A026 /* Project object */;
			proxyType = 1;
			remoteGlobalIDString = 4AF4D5F71DDC30690021A026;
			remoteInfo = "sample-map-objc-dev";
		};
/* End PBXContainerItemProxy section */

/* Begin PBXFileReference section */
		4AF4D5F81DDC30690021A026 /* sample-map-objc-dev.app */ = {isa = PBXFileReference; explicitFileType = wrapper.application; includeInIndex = 0; path = "sample-map-objc-dev.app"; sourceTree = BUILT_PRODUCTS_DIR; };
		4AF4D5FC1DDC30690021A026 /* main.m */ = {isa = PBXFileReference; lastKnownFileType = sourcecode.c.objc; path = main.m; sourceTree = "<group>"; };
		4AF4D5FE1DDC30690021A026 /* AppDelegate.h */ = {isa = PBXFileReference; lastKnownFileType = sourcecode.c.h; path = AppDelegate.h; sourceTree = "<group>"; };
		4AF4D5FF1DDC30690021A026 /* AppDelegate.m */ = {isa = PBXFileReference; lastKnownFileType = sourcecode.c.objc; path = AppDelegate.m; sourceTree = "<group>"; };
		4AF4D6051DDC30690021A026 /* Base */ = {isa = PBXFileReference; lastKnownFileType = file.storyboard; name = Base; path = Base.lproj/Main.storyboard; sourceTree = "<group>"; };
		4AF4D6071DDC30690021A026 /* Assets.xcassets */ = {isa = PBXFileReference; lastKnownFileType = folder.assetcatalog; path = Assets.xcassets; sourceTree = "<group>"; };
		4AF4D60A1DDC30690021A026 /* Base */ = {isa = PBXFileReference; lastKnownFileType = file.storyboard; name = Base; path = Base.lproj/LaunchScreen.storyboard; sourceTree = "<group>"; };
		4AF4D60C1DDC30690021A026 /* Info.plist */ = {isa = PBXFileReference; lastKnownFileType = text.plist.xml; path = Info.plist; sourceTree = "<group>"; };
		4AF4D6111DDC30690021A026 /* sample-map-objc-devTests.xctest */ = {isa = PBXFileReference; explicitFileType = wrapper.cfbundle; includeInIndex = 0; path = "sample-map-objc-devTests.xctest"; sourceTree = BUILT_PRODUCTS_DIR; };
		4AF4D6151DDC30690021A026 /* sample_map_objc_devTests.m */ = {isa = PBXFileReference; lastKnownFileType = sourcecode.c.objc; path = sample_map_objc_devTests.m; sourceTree = "<group>"; };
		4AF4D6171DDC30690021A026 /* Info.plist */ = {isa = PBXFileReference; lastKnownFileType = text.plist.xml; path = Info.plist; sourceTree = "<group>"; };
		4AF4D61C1DDC30690021A026 /* sample-map-objc-devUITests.xctest */ = {isa = PBXFileReference; explicitFileType = wrapper.cfbundle; includeInIndex = 0; path = "sample-map-objc-devUITests.xctest"; sourceTree = BUILT_PRODUCTS_DIR; };
		4AF4D6201DDC30690021A026 /* sample_map_objc_devUITests.m */ = {isa = PBXFileReference; lastKnownFileType = sourcecode.c.objc; path = sample_map_objc_devUITests.m; sourceTree = "<group>"; };
		4AF4D6221DDC30690021A026 /* Info.plist */ = {isa = PBXFileReference; lastKnownFileType = text.plist.xml; path = Info.plist; sourceTree = "<group>"; };
		4AF4D63E1DDC41CA0021A026 /* CirclesViewController.h */ = {isa = PBXFileReference; fileEncoding = 4; lastKnownFileType = sourcecode.c.h; name = CirclesViewController.h; path = "sample-map-objc-dev/CirclesViewController.h"; sourceTree = "<group>"; };
		4AF4D63F1DDC41CA0021A026 /* CirclesViewController.m */ = {isa = PBXFileReference; fileEncoding = 4; lastKnownFileType = sourcecode.c.objc; name = CirclesViewController.m; path = "sample-map-objc-dev/CirclesViewController.m"; sourceTree = "<group>"; };
		4AF4D6401DDC41CA0021A026 /* CustomMarkersMapViewController.h */ = {isa = PBXFileReference; fileEncoding = 4; lastKnownFileType = sourcecode.c.h; name = CustomMarkersMapViewController.h; path = "sample-map-objc-dev/CustomMarkersMapViewController.h"; sourceTree = "<group>"; };
		4AF4D6411DDC41CA0021A026 /* CustomMarkersMapViewController.m */ = {isa = PBXFileReference; fileEncoding = 4; lastKnownFileType = sourcecode.c.objc; name = CustomMarkersMapViewController.m; path = "sample-map-objc-dev/CustomMarkersMapViewController.m"; sourceTree = "<group>"; };
		4AF4D6421DDC41CA0021A026 /* ReverseGeocoderViewController.h */ = {isa = PBXFileReference; fileEncoding = 4; lastKnownFileType = sourcecode.c.h; name = ReverseGeocoderViewController.h; path = "sample-map-objc-dev/ReverseGeocoderViewController.h"; sourceTree = "<group>"; };
		4AF4D6431DDC41CA0021A026 /* ReverseGeocoderViewController.m */ = {isa = PBXFileReference; fileEncoding = 4; lastKnownFileType = sourcecode.c.objc; name = ReverseGeocoderViewController.m; path = "sample-map-objc-dev/ReverseGeocoderViewController.m"; sourceTree = "<group>"; };
		4AF4D6441DDC41CA0021A026 /* LocationMapViewController.h */ = {isa = PBXFileReference; fileEncoding = 4; lastKnownFileType = sourcecode.c.h; name = LocationMapViewController.h; path = "sample-map-objc-dev/LocationMapViewController.h"; sourceTree = "<group>"; };
		4AF4D6451DDC41CA0021A026 /* LocationMapViewController.m */ = {isa = PBXFileReference; fileEncoding = 4; lastKnownFileType = sourcecode.c.objc; name = LocationMapViewController.m; path = "sample-map-objc-dev/LocationMapViewController.m"; sourceTree = "<group>"; };
		4AF4D6461DDC41CA0021A026 /* MainViewController.h */ = {isa = PBXFileReference; fileEncoding = 4; lastKnownFileType = sourcecode.c.h; path = MainViewController.h; sourceTree = "<group>"; };
		4AF4D6471DDC41CA0021A026 /* MainViewController.m */ = {isa = PBXFileReference; fileEncoding = 4; lastKnownFileType = sourcecode.c.objc; path = MainViewController.m; sourceTree = "<group>"; };
		4AF4D6481DDC41CA0021A026 /* MapViewController.h */ = {isa = PBXFileReference; fileEncoding = 4; lastKnownFileType = sourcecode.c.h; name = MapViewController.h; path = "sample-map-objc-dev/MapViewController.h"; sourceTree = "<group>"; };
		4AF4D6491DDC41CA0021A026 /* MapViewController.m */ = {isa = PBXFileReference; fileEncoding = 4; lastKnownFileType = sourcecode.c.objc; name = MapViewController.m; path = "sample-map-objc-dev/MapViewController.m"; sourceTree = "<group>"; };
		4AF4D64A1DDC41CA0021A026 /* PolygonsViewController.h */ = {isa = PBXFileReference; fileEncoding = 4; lastKnownFileType = sourcecode.c.h; name = PolygonsViewController.h; path = "sample-map-objc-dev/PolygonsViewController.h"; sourceTree = "<group>"; };
		4AF4D64B1DDC41CA0021A026 /* PolygonsViewController.m */ = {isa = PBXFileReference; fileEncoding = 4; lastKnownFileType = sourcecode.c.objc; name = PolygonsViewController.m; path = "sample-map-objc-dev/PolygonsViewController.m"; sourceTree = "<group>"; };
		4AF4D64C1DDC41CA0021A026 /* PolylinesViewController.h */ = {isa = PBXFileReference; fileEncoding = 4; lastKnownFileType = sourcecode.c.h; name = PolylinesViewController.h; path = "sample-map-objc-dev/PolylinesViewController.h"; sourceTree = "<group>"; };
		4AF4D64D1DDC41CA0021A026 /* PolylinesViewController.m */ = {isa = PBXFileReference; fileEncoding = 4; lastKnownFileType = sourcecode.c.objc; name = PolylinesViewController.m; path = "sample-map-objc-dev/PolylinesViewController.m"; sourceTree = "<group>"; };
		4AF4D6561DE2D59C0021A026 /* MovableMarkerViewController.h */ = {isa = PBXFileReference; fileEncoding = 4; lastKnownFileType = sourcecode.c.h; name = MovableMarkerViewController.h; path = "sample-map-objc-dev/MovableMarkerViewController.h"; sourceTree = "<group>"; };
		4AF4D6571DE2D59C0021A026 /* MovableMarkerViewController.m */ = {isa = PBXFileReference; fileEncoding = 4; lastKnownFileType = sourcecode.c.objc; name = MovableMarkerViewController.m; path = "sample-map-objc-dev/MovableMarkerViewController.m"; sourceTree = "<group>"; };
		4AF4D6591DE2F2410021A026 /* RotationViewController.h */ = {isa = PBXFileReference; fileEncoding = 4; lastKnownFileType = sourcecode.c.h; name = RotationViewController.h; path = "sample-map-objc-dev/RotationViewController.h"; sourceTree = "<group>"; };
		4AF4D65A1DE2F2410021A026 /* RotationViewController.m */ = {isa = PBXFileReference; fileEncoding = 4; lastKnownFileType = sourcecode.c.objc; name = RotationViewController.m; path = "sample-map-objc-dev/RotationViewController.m"; sourceTree = "<group>"; };
		4AF4D6961DE5670B0021A026 /* NMapViewResources.h */ = {isa = PBXFileReference; fileEncoding = 4; lastKnownFileType = sourcecode.c.h; name = NMapViewResources.h; path = "sample-map-objc-dev/NMapViewResources.h"; sourceTree = "<group>"; };
		4AF4D6971DE5670B0021A026 /* NMapViewResources.m */ = {isa = PBXFileReference; fileEncoding = 4; lastKnownFileType = sourcecode.c.objc; name = NMapViewResources.m; path = "sample-map-objc-dev/NMapViewResources.m"; sourceTree = "<group>"; };
		4AF4D6991DE67D560021A026 /* NMapViewerSDK.framework */ = {isa = PBXFileReference; lastKnownFileType = wrapper.framework; name = NMapViewerSDK.framework; path = ../Frameworks/NMapViewerSDK.framework; sourceTree = "<group>"; };
/* End PBXFileReference section */

/* Begin PBXFrameworksBuildPhase section */
		4AF4D5F51DDC30690021A026 /* Frameworks */ = {
			isa = PBXFrameworksBuildPhase;
			buildActionMask = 2147483647;
			files = (
				4AF4D69A1DE67D560021A026 /* NMapViewerSDK.framework in Frameworks */,
			);
			runOnlyForDeploymentPostprocessing = 0;
		};
		4AF4D60E1DDC30690021A026 /* Frameworks */ = {
			isa = PBXFrameworksBuildPhase;
			buildActionMask = 2147483647;
			files = (
			);
			runOnlyForDeploymentPostprocessing = 0;
		};
		4AF4D6191DDC30690021A026 /* Frameworks */ = {
			isa = PBXFrameworksBuildPhase;
			buildActionMask = 2147483647;
			files = (
			);
			runOnlyForDeploymentPostprocessing = 0;
		};
/* End PBXFrameworksBuildPhase section */

/* Begin PBXGroup section */
		4AF4D5EF1DDC30680021A026 = {
			isa = PBXGroup;
			children = (
				4AF4D63D1DDC382A0021A026 /* samples */,
				4AF4D5FA1DDC30690021A026 /* sample-map-objc-dev */,
				4AF4D6141DDC30690021A026 /* sample-map-objc-devTests */,
				4AF4D61F1DDC30690021A026 /* sample-map-objc-devUITests */,
				4AF4D5F91DDC30690021A026 /* Products */,
				4AF4D62E1DDC36800021A026 /* Frameworks */,
			);
			sourceTree = "<group>";
		};
		4AF4D5F91DDC30690021A026 /* Products */ = {
			isa = PBXGroup;
			children = (
				4AF4D5F81DDC30690021A026 /* sample-map-objc-dev.app */,
				4AF4D6111DDC30690021A026 /* sample-map-objc-devTests.xctest */,
				4AF4D61C1DDC30690021A026 /* sample-map-objc-devUITests.xctest */,
			);
			name = Products;
			sourceTree = "<group>";
		};
		4AF4D5FA1DDC30690021A026 /* sample-map-objc-dev */ = {
			isa = PBXGroup;
			children = (
				4AF4D5FE1DDC30690021A026 /* AppDelegate.h */,
				4AF4D5FF1DDC30690021A026 /* AppDelegate.m */,
				4AF4D6461DDC41CA0021A026 /* MainViewController.h */,
				4AF4D6471DDC41CA0021A026 /* MainViewController.m */,
				4AF4D6041DDC30690021A026 /* Main.storyboard */,
				4AF4D6071DDC30690021A026 /* Assets.xcassets */,
				4AF4D6091DDC30690021A026 /* LaunchScreen.storyboard */,
				4AF4D60C1DDC30690021A026 /* Info.plist */,
				4AF4D5FB1DDC30690021A026 /* Supporting Files */,
			);
			path = "sample-map-objc-dev";
			sourceTree = "<group>";
		};
		4AF4D5FB1DDC30690021A026 /* Supporting Files */ = {
			isa = PBXGroup;
			children = (
				4AF4D5FC1DDC30690021A026 /* main.m */,
			);
			name = "Supporting Files";
			sourceTree = "<group>";
		};
		4AF4D6141DDC30690021A026 /* sample-map-objc-devTests */ = {
			isa = PBXGroup;
			children = (
				4AF4D6151DDC30690021A026 /* sample_map_objc_devTests.m */,
				4AF4D6171DDC30690021A026 /* Info.plist */,
			);
			path = "sample-map-objc-devTests";
			sourceTree = "<group>";
		};
		4AF4D61F1DDC30690021A026 /* sample-map-objc-devUITests */ = {
			isa = PBXGroup;
			children = (
				4AF4D6201DDC30690021A026 /* sample_map_objc_devUITests.m */,
				4AF4D6221DDC30690021A026 /* Info.plist */,
			);
			path = "sample-map-objc-devUITests";
			sourceTree = "<group>";
		};
		4AF4D62E1DDC36800021A026 /* Frameworks */ = {
			isa = PBXGroup;
			children = (
				4AF4D6991DE67D560021A026 /* NMapViewerSDK.framework */,
			);
			name = Frameworks;
			sourceTree = "<group>";
		};
		4AF4D63D1DDC382A0021A026 /* samples */ = {
			isa = PBXGroup;
			children = (
				4AF4D6481DDC41CA0021A026 /* MapViewController.h */,
				4AF4D6491DDC41CA0021A026 /* MapViewController.m */,
				4AF4D6441DDC41CA0021A026 /* LocationMapViewController.h */,
				4AF4D6451DDC41CA0021A026 /* LocationMapViewController.m */,
				4AF4D6561DE2D59C0021A026 /* MovableMarkerViewController.h */,
				4AF4D6571DE2D59C0021A026 /* MovableMarkerViewController.m */,
				4AF4D6401DDC41CA0021A026 /* CustomMarkersMapViewController.h */,
				4AF4D6411DDC41CA0021A026 /* CustomMarkersMapViewController.m */,
				4AF4D6421DDC41CA0021A026 /* ReverseGeocoderViewController.h */,
				4AF4D6431DDC41CA0021A026 /* ReverseGeocoderViewController.m */,
				4AF4D64C1DDC41CA0021A026 /* PolylinesViewController.h */,
				4AF4D64D1DDC41CA0021A026 /* PolylinesViewController.m */,
				4AF4D64A1DDC41CA0021A026 /* PolygonsViewController.h */,
				4AF4D64B1DDC41CA0021A026 /* PolygonsViewController.m */,
				4AF4D63E1DDC41CA0021A026 /* CirclesViewController.h */,
				4AF4D63F1DDC41CA0021A026 /* CirclesViewController.m */,
				4AF4D6591DE2F2410021A026 /* RotationViewController.h */,
				4AF4D65A1DE2F2410021A026 /* RotationViewController.m */,
				4AF4D6961DE5670B0021A026 /* NMapViewResources.h */,
				4AF4D6971DE5670B0021A026 /* NMapViewResources.m */,
			);
			name = samples;
			sourceTree = "<group>";
		};
/* End PBXGroup section */

/* Begin PBXNativeTarget section */
		4AF4D5F71DDC30690021A026 /* sample-map-objc-dev */ = {
			isa = PBXNativeTarget;
			buildConfigurationList = 4AF4D6251DDC30690021A026 /* Build configuration list for PBXNativeTarget "sample-map-objc-dev" */;
			buildPhases = (
				4AF4D5F41DDC30690021A026 /* Sources */,
				4AF4D5F51DDC30690021A026 /* Frameworks */,
				4AF4D5F61DDC30690021A026 /* Resources */,
			);
			buildRules = (
			);
			dependencies = (
			);
			name = "sample-map-objc-dev";
			productName = "sample-map-objc-dev";
			productReference = 4AF4D5F81DDC30690021A026 /* sample-map-objc-dev.app */;
			productType = "com.apple.product-type.application";
		};
		4AF4D6101DDC30690021A026 /* sample-map-objc-devTests */ = {
			isa = PBXNativeTarget;
			buildConfigurationList = 4AF4D6281DDC30690021A026 /* Build configuration list for PBXNativeTarget "sample-map-objc-devTests" */;
			buildPhases = (
				4AF4D60D1DDC30690021A026 /* Sources */,
				4AF4D60E1DDC30690021A026 /* Frameworks */,
				4AF4D60F1DDC30690021A026 /* Resources */,
			);
			buildRules = (
			);
			dependencies = (
				4AF4D6131DDC30690021A026 /* PBXTargetDependency */,
			);
			name = "sample-map-objc-devTests";
			productName = "sample-map-objc-devTests";
			productReference = 4AF4D6111DDC30690021A026 /* sample-map-objc-devTests.xctest */;
			productType = "com.apple.product-type.bundle.unit-test";
		};
		4AF4D61B1DDC30690021A026 /* sample-map-objc-devUITests */ = {
			isa = PBXNativeTarget;
			buildConfigurationList = 4AF4D62B1DDC30690021A026 /* Build configuration list for PBXNativeTarget "sample-map-objc-devUITests" */;
			buildPhases = (
				4AF4D6181DDC30690021A026 /* Sources */,
				4AF4D6191DDC30690021A026 /* Frameworks */,
				4AF4D61A1DDC30690021A026 /* Resources */,
			);
			buildRules = (
			);
			dependencies = (
				4AF4D61E1DDC30690021A026 /* PBXTargetDependency */,
			);
			name = "sample-map-objc-devUITests";
			productName = "sample-map-objc-devUITests";
			productReference = 4AF4D61C1DDC30690021A026 /* sample-map-objc-devUITests.xctest */;
			productType = "com.apple.product-type.bundle.ui-testing";
		};
/* End PBXNativeTarget section */

/* Begin PBXProject section */
		4AF4D5F01DDC30680021A026 /* Project object */ = {
			isa = PBXProject;
			attributes = {
				LastUpgradeCheck = 0800;
				ORGANIZATIONNAME = "Naver Corp.";
				TargetAttributes = {
					4AF4D5F71DDC30690021A026 = {
						CreatedOnToolsVersion = 8.0;
						ProvisioningStyle = Automatic;
					};
					4AF4D6101DDC30690021A026 = {
						CreatedOnToolsVersion = 8.0;
						ProvisioningStyle = Automatic;
						TestTargetID = 4AF4D5F71DDC30690021A026;
					};
					4AF4D61B1DDC30690021A026 = {
						CreatedOnToolsVersion = 8.0;
						ProvisioningStyle = Automatic;
						TestTargetID = 4AF4D5F71DDC30690021A026;
					};
				};
			};
			buildConfigurationList = 4AF4D5F31DDC30680021A026 /* Build configuration list for PBXProject "sample-map-objc-dev" */;
			compatibilityVersion = "Xcode 3.2";
			developmentRegion = English;
			hasScannedForEncodings = 0;
			knownRegions = (
				en,
				Base,
			);
			mainGroup = 4AF4D5EF1DDC30680021A026;
			productRefGroup = 4AF4D5F91DDC30690021A026 /* Products */;
			projectDirPath = "";
			projectRoot = "";
			targets = (
				4AF4D5F71DDC30690021A026 /* sample-map-objc-dev */,
				4AF4D6101DDC30690021A026 /* sample-map-objc-devTests */,
				4AF4D61B1DDC30690021A026 /* sample-map-objc-devUITests */,
			);
		};
/* End PBXProject section */

/* Begin PBXResourcesBuildPhase section */
		4AF4D5F61DDC30690021A026 /* Resources */ = {
			isa = PBXResourcesBuildPhase;
			buildActionMask = 2147483647;
			files = (
				4AF4D60B1DDC30690021A026 /* LaunchScreen.storyboard in Resources */,
				4AF4D6081DDC30690021A026 /* Assets.xcassets in Resources */,
				4AF4D6061DDC30690021A026 /* Main.storyboard in Resources */,
			);
			runOnlyForDeploymentPostprocessing = 0;
		};
		4AF4D60F1DDC30690021A026 /* Resources */ = {
			isa = PBXResourcesBuildPhase;
			buildActionMask = 2147483647;
			files = (
			);
			runOnlyForDeploymentPostprocessing = 0;
		};
		4AF4D61A1DDC30690021A026 /* Resources */ = {
			isa = PBXResourcesBuildPhase;
			buildActionMask = 2147483647;
			files = (
			);
			runOnlyForDeploymentPostprocessing = 0;
		};
/* End PBXResourcesBuildPhase section */

/* Begin PBXSourcesBuildPhase section */
		4AF4D5F41DDC30690021A026 /* Sources */ = {
			isa = PBXSourcesBuildPhase;
			buildActionMask = 2147483647;
			files = (
				4AF4D64F1DDC41CA0021A026 /* CustomMarkersMapViewController.m in Sources */,
				4AF4D6981DE5670B0021A026 /* NMapViewResources.m in Sources */,
				4AF4D6551DDC41CA0021A026 /* PolylinesViewController.m in Sources */,
				4AF4D6511DDC41CA0021A026 /* LocationMapViewController.m in Sources */,
				4AF4D6541DDC41CA0021A026 /* PolygonsViewController.m in Sources */,
				4AF4D6531DDC41CA0021A026 /* MapViewController.m in Sources */,
				4AF4D6521DDC41CA0021A026 /* MainViewController.m in Sources */,
				4AF4D65B1DE2F2410021A026 /* RotationViewController.m in Sources */,
				4AF4D6501DDC41CA0021A026 /* ReverseGeocoderViewController.m in Sources */,
				4AF4D6581DE2D59C0021A026 /* MovableMarkerViewController.m in Sources */,
				4AF4D6001DDC30690021A026 /* AppDelegate.m in Sources */,
				4AF4D64E1DDC41CA0021A026 /* CirclesViewController.m in Sources */,
				4AF4D5FD1DDC30690021A026 /* main.m in Sources */,
			);
			runOnlyForDeploymentPostprocessing = 0;
		};
		4AF4D60D1DDC30690021A026 /* Sources */ = {
			isa = PBXSourcesBuildPhase;
			buildActionMask = 2147483647;
			files = (
				4AF4D6161DDC30690021A026 /* sample_map_objc_devTests.m in Sources */,
			);
			runOnlyForDeploymentPostprocessing = 0;
		};
		4AF4D6181DDC30690021A026 /* Sources */ = {
			isa = PBXSourcesBuildPhase;
			buildActionMask = 2147483647;
			files = (
				4AF4D6211DDC30690021A026 /* sample_map_objc_devUITests.m in Sources */,
			);
			runOnlyForDeploymentPostprocessing = 0;
		};
/* End PBXSourcesBuildPhase section */

/* Begin PBXTargetDependency section */
		4AF4D6131DDC30690021A026 /* PBXTargetDependency */ = {
			isa = PBXTargetDependency;
			target = 4AF4D5F71DDC30690021A026 /* sample-map-objc-dev */;
			targetProxy = 4AF4D6121DDC30690021A026 /* PBXContainerItemProxy */;
		};
		4AF4D61E1DDC30690021A026 /* PBXTargetDependency */ = {
			isa = PBXTargetDependency;
			target = 4AF4D5F71DDC30690021A026 /* sample-map-objc-dev */;
			targetProxy = 4AF4D61D1DDC30690021A026 /* PBXContainerItemProxy */;
		};
/* End PBXTargetDependency section */

/* Begin PBXVariantGroup section */
		4AF4D6041DDC30690021A026 /* Main.storyboard */ = {
			isa = PBXVariantGroup;
			children = (
				4AF4D6051DDC30690021A026 /* Base */,
			);
			name = Main.storyboard;
			sourceTree = "<group>";
		};
		4AF4D6091DDC30690021A026 /* LaunchScreen.storyboard */ = {
			isa = PBXVariantGroup;
			children = (
				4AF4D60A1DDC30690021A026 /* Base */,
			);
			name = LaunchScreen.storyboard;
			sourceTree = "<group>";
		};
/* End PBXVariantGroup section */

/* Begin XCBuildConfiguration section */
		4AF4D6231DDC30690021A026 /* Debug */ = {
			isa = XCBuildConfiguration;
			buildSettings = {
				ALWAYS_SEARCH_USER_PATHS = NO;
				CLANG_ANALYZER_NONNULL = YES;
				CLANG_CXX_LANGUAGE_STANDARD = "gnu++0x";
				CLANG_CXX_LIBRARY = "libc++";
				CLANG_ENABLE_MODULES = YES;
				CLANG_ENABLE_OBJC_ARC = YES;
				CLANG_WARN_BOOL_CONVERSION = YES;
				CLANG_WARN_CONSTANT_CONVERSION = YES;
				CLANG_WARN_DIRECT_OBJC_ISA_USAGE = YES_ERROR;
				CLANG_WARN_DOCUMENTATION_COMMENTS = YES;
				CLANG_WARN_EMPTY_BODY = YES;
				CLANG_WARN_ENUM_CONVERSION = YES;
				CLANG_WARN_INFINITE_RECURSION = YES;
				CLANG_WARN_INT_CONVERSION = YES;
				CLANG_WARN_OBJC_ROOT_CLASS = YES_ERROR;
				CLANG_WARN_SUSPICIOUS_MOVES = YES;
				CLANG_WARN_UNREACHABLE_CODE = YES;
				CLANG_WARN__DUPLICATE_METHOD_MATCH = YES;
				"CODE_SIGN_IDENTITY[sdk=iphoneos*]" = "iPhone Developer";
				COPY_PHASE_STRIP = NO;
				DEBUG_INFORMATION_FORMAT = dwarf;
				ENABLE_STRICT_OBJC_MSGSEND = YES;
				ENABLE_TESTABILITY = YES;
				GCC_C_LANGUAGE_STANDARD = gnu99;
				GCC_DYNAMIC_NO_PIC = NO;
				GCC_NO_COMMON_BLOCKS = YES;
				GCC_OPTIMIZATION_LEVEL = 0;
				GCC_PREPROCESSOR_DEFINITIONS = (
					"DEBUG=1",
					"$(inherited)",
				);
				GCC_WARN_64_TO_32_BIT_CONVERSION = YES;
				GCC_WARN_ABOUT_RETURN_TYPE = YES_ERROR;
				GCC_WARN_UNDECLARED_SELECTOR = YES;
				GCC_WARN_UNINITIALIZED_AUTOS = YES_AGGRESSIVE;
				GCC_WARN_UNUSED_FUNCTION = YES;
				GCC_WARN_UNUSED_VARIABLE = YES;
				IPHONEOS_DEPLOYMENT_TARGET = 8.0;
				MTL_ENABLE_DEBUG_INFO = YES;
				ONLY_ACTIVE_ARCH = YES;
				SDKROOT = iphoneos;
			};
			name = Debug;
		};
		4AF4D6241DDC30690021A026 /* Release */ = {
			isa = XCBuildConfiguration;
			buildSettings = {
				ALWAYS_SEARCH_USER_PATHS = NO;
				CLANG_ANALYZER_NONNULL = YES;
				CLANG_CXX_LANGUAGE_STANDARD = "gnu++0x";
				CLANG_CXX_LIBRARY = "libc++";
				CLANG_ENABLE_MODULES = YES;
				CLANG_ENABLE_OBJC_ARC = YES;
				CLANG_WARN_BOOL_CONVERSION = YES;
				CLANG_WARN_CONSTANT_CONVERSION = YES;
				CLANG_WARN_DIRECT_OBJC_ISA_USAGE = YES_ERROR;
				CLANG_WARN_DOCUMENTATION_COMMENTS = YES;
				CLANG_WARN_EMPTY_BODY = YES;
				CLANG_WARN_ENUM_CONVERSION = YES;
				CLANG_WARN_INFINITE_RECURSION = YES;
				CLANG_WARN_INT_CONVERSION = YES;
				CLANG_WARN_OBJC_ROOT_CLASS = YES_ERROR;
				CLANG_WARN_SUSPICIOUS_MOVES = YES;
				CLANG_WARN_UNREACHABLE_CODE = YES;
				CLANG_WARN__DUPLICATE_METHOD_MATCH = YES;
				"CODE_SIGN_IDENTITY[sdk=iphoneos*]" = "iPhone Developer";
				COPY_PHASE_STRIP = NO;
				DEBUG_INFORMATION_FORMAT = "dwarf-with-dsym";
				ENABLE_NS_ASSERTIONS = NO;
				ENABLE_STRICT_OBJC_MSGSEND = YES;
				GCC_C_LANGUAGE_STANDARD = gnu99;
				GCC_NO_COMMON_BLOCKS = YES;
				GCC_WARN_64_TO_32_BIT_CONVERSION = YES;
				GCC_WARN_ABOUT_RETURN_TYPE = YES_ERROR;
				GCC_WARN_UNDECLARED_SELECTOR = YES;
				GCC_WARN_UNINITIALIZED_AUTOS = YES_AGGRESSIVE;
				GCC_WARN_UNUSED_FUNCTION = YES;
				GCC_WARN_UNUSED_VARIABLE = YES;
				IPHONEOS_DEPLOYMENT_TARGET = 8.0;
				MTL_ENABLE_DEBUG_INFO = NO;
				SDKROOT = iphoneos;
				VALIDATE_PRODUCT = YES;
			};
			name = Release;
		};
		4AF4D6261DDC30690021A026 /* Debug */ = {
			isa = XCBuildConfiguration;
			buildSettings = {
				ASSETCATALOG_COMPILER_APPICON_NAME = AppIcon;
				DEVELOPMENT_TEAM = "";
				ENABLE_BITCODE = YES;
				FRAMEWORK_SEARCH_PATHS = (
					"$(inherited)",
					"$(PROJECT_DIR)/../Frameworks",
				);
				INFOPLIST_FILE = "sample-map-objc-dev/Info.plist";
				IPHONEOS_DEPLOYMENT_TARGET = 8.0;
				LD_RUNPATH_SEARCH_PATHS = "$(inherited) @executable_path/Frameworks";
				OTHER_LDFLAGS = (
					"-ObjC",
					"-lxml2",
				);
				PRODUCT_BUNDLE_IDENTIFIER = "com.naver.sample-map-objc-dev";
				PRODUCT_NAME = "$(TARGET_NAME)";
				TARGETED_DEVICE_FAMILY = "1,2";
			};
			name = Debug;
		};
		4AF4D6271DDC30690021A026 /* Release */ = {
			isa = XCBuildConfiguration;
			buildSettings = {
				ASSETCATALOG_COMPILER_APPICON_NAME = AppIcon;
				DEVELOPMENT_TEAM = "";
				ENABLE_BITCODE = YES;
				FRAMEWORK_SEARCH_PATHS = (
					"$(inherited)",
					"$(PROJECT_DIR)/../Frameworks",
				);
				INFOPLIST_FILE = "sample-map-objc-dev/Info.plist";
				IPHONEOS_DEPLOYMENT_TARGET = 8.0;
				LD_RUNPATH_SEARCH_PATHS = "$(inherited) @executable_path/Frameworks";
				OTHER_LDFLAGS = (
					"-ObjC",
					"-lxml2",
				);
				PRODUCT_BUNDLE_IDENTIFIER = "com.naver.sample-map-objc-dev";
				PRODUCT_NAME = "$(TARGET_NAME)";
				TARGETED_DEVICE_FAMILY = "1,2";
			};
			name = Release;
		};
		4AF4D6291DDC30690021A026 /* Debug */ = {
			isa = XCBuildConfiguration;
			buildSettings = {
				BUNDLE_LOADER = "$(TEST_HOST)";
				DEVELOPMENT_TEAM = "";
				INFOPLIST_FILE = "sample-map-objc-devTests/Info.plist";
				LD_RUNPATH_SEARCH_PATHS = "$(inherited) @executable_path/Frameworks @loader_path/Frameworks";
				PRODUCT_BUNDLE_IDENTIFIER = "hong.sample-map-objc-devTests";
				PRODUCT_NAME = "$(TARGET_NAME)";
				TEST_HOST = "$(BUILT_PRODUCTS_DIR)/sample-map-objc-dev.app/sample-map-objc-dev";
			};
			name = Debug;
		};
		4AF4D62A1DDC30690021A026 /* Release */ = {
			isa = XCBuildConfiguration;
			buildSettings = {
				BUNDLE_LOADER = "$(TEST_HOST)";
				DEVELOPMENT_TEAM = "";
				INFOPLIST_FILE = "sample-map-objc-devTests/Info.plist";
				LD_RUNPATH_SEARCH_PATHS = "$(inherited) @executable_path/Frameworks @loader_path/Frameworks";
				PRODUCT_BUNDLE_IDENTIFIER = "hong.sample-map-objc-devTests";
				PRODUCT_NAME = "$(TARGET_NAME)";
				TEST_HOST = "$(BUILT_PRODUCTS_DIR)/sample-map-objc-dev.app/sample-map-objc-dev";
			};
			name = Release;
		};
		4AF4D62C1DDC30690021A026 /* Debug */ = {
			isa = XCBuildConfiguration;
			buildSettings = {
				DEVELOPMENT_TEAM = "";
				INFOPLIST_FILE = "sample-map-objc-devUITests/Info.plist";
				LD_RUNPATH_SEARCH_PATHS = "$(inherited) @executable_path/Frameworks @loader_path/Frameworks";
				PRODUCT_BUNDLE_IDENTIFIER = "hong.sample-map-objc-devUITests";
				PRODUCT_NAME = "$(TARGET_NAME)";
				TEST_TARGET_NAME = "sample-map-objc-dev";
			};
			name = Debug;
		};
		4AF4D62D1DDC30690021A026 /* Release */ = {
			isa = XCBuildConfiguration;
			buildSettings = {
				DEVELOPMENT_TEAM = "";
				INFOPLIST_FILE = "sample-map-objc-devUITests/Info.plist";
				LD_RUNPATH_SEARCH_PATHS = "$(inherited) @executable_path/Frameworks @loader_path/Frameworks";
				PRODUCT_BUNDLE_IDENTIFIER = "hong.sample-map-objc-devUITests";
				PRODUCT_NAME = "$(TARGET_NAME)";
				TEST_TARGET_NAME = "sample-map-objc-dev";
			};
			name = Release;
		};
/* End XCBuildConfiguration section */

/* Begin XCConfigurationList section */
		4AF4D5F31DDC30680021A026 /* Build configuration list for PBXProject "sample-map-objc-dev" */ = {
			isa = XCConfigurationList;
			buildConfigurations = (
				4AF4D6231DDC30690021A026 /* Debug */,
				4AF4D6241DDC30690021A026 /* Release */,
			);
			defaultConfigurationIsVisible = 0;
			defaultConfigurationName = Release;
		};
		4AF4D6251DDC30690021A026 /* Build configuration list for PBXNativeTarget "sample-map-objc-dev" */ = {
			isa = XCConfigurationList;
			buildConfigurations = (
				4AF4D6261DDC30690021A026 /* Debug */,
				4AF4D6271DDC30690021A026 /* Release */,
			);
			defaultConfigurationIsVisible = 0;
			defaultConfigurationName = Release;
		};
		4AF4D6281DDC30690021A026 /* Build configuration list for PBXNativeTarget "sample-map-objc-devTests" */ = {
			isa = XCConfigurationList;
			buildConfigurations = (
				4AF4D6291DDC30690021A026 /* Debug */,
				4AF4D62A1DDC30690021A026 /* Release */,
			);
			defaultConfigurationIsVisible = 0;
			defaultConfigurationName = Release;
		};
		4AF4D62B1DDC30690021A026 /* Build configuration list for PBXNativeTarget "sample-map-objc-devUITests" */ = {
			isa = XCConfigurationList;
			buildConfigurations = (
				4AF4D62C1DDC30690021A026 /* Debug */,
				4AF4D62D1DDC30690021A026 /* Release */,
			);
			defaultConfigurationIsVisible = 0;
			defaultConfigurationName = Release;
		};
/* End XCConfigurationList section */
	};
	rootObject = 4AF4D5F01DDC30680021A026 /* Project object */;
}
